
Microsoft Visual Studio Solution File, Format Version 12.00
# Visual Studio Version 17
VisualStudioVersion = 17.7.34003.232
MinimumVisualStudioVersion = 10.0.40219.1
Project("{8BC9CEB8-8B4A-11D0-8D11-00A0C91BC942}") = "24.01.11", "24.01.11.vcxproj", "{F751075E-3A7D-4F43-ADAC-19AF080ADD72}"
EndProject
Global
	GlobalSection(SolutionConfigurationPlatforms) = preSolution
		Debug|x64 = Debug|x64
		Debug|x86 = Debug|x86
		Release|x64 = Release|x64
		Release|x86 = Release|x86
	EndGlobalSection
	GlobalSection(ProjectConfigurationPlatforms) = postSolution
		{F751075E-3A7D-4F43-ADAC-19AF080ADD72}.Debug|x64.ActiveCfg = Debug|x64
		{F751075E-3A7D-4F43-ADAC-19AF080ADD72}.Debug|x64.Build.0 = Debug|x64
		{F751075E-3A7D-4F43-ADAC-19AF080ADD72}.Debug|x86.ActiveCfg = Debug|Win32
		{F751075E-3A7D-4F43-ADAC-19AF080ADD72}.Debug|x86.Build.0 = Debug|Win32
		{F751075E-3A7D-4F43-ADAC-19AF080ADD72}.Release|x64.ActiveCfg = Release|x64
		{F751075E-3A7D-4F43-ADAC-19AF080ADD72}.Release|x64.Build.0 = Release|x64
		{F751075E-3A7D-4F43-ADAC-19AF080ADD72}.Release|x86.ActiveCfg = Release|Win32
		{F751075E-3A7D-4F43-ADAC-19AF080ADD72}.Release|x86.Build.0 = Release|Win32
	EndGlobalSection
	GlobalSection(SolutionProperties) = preSolution
		HideSolutionNode = FALSE
	EndGlobalSection
	GlobalSection(ExtensibilityGlobals) = postSolution
		SolutionGuid = {BA93C1D2-A545-4FDF-B242-3580FF15B42B}
	EndGlobalSection
EndGlobal
