
Microsoft Visual Studio Solution File, Format Version 12.00
# Visual Studio Version 17
VisualStudioVersion = 17.7.34003.232
MinimumVisualStudioVersion = 10.0.40219.1
Project("{8BC9CEB8-8B4A-11D0-8D11-00A0C91BC942}") = "23.11.19", "23.11.19.vcxproj", "{8DE393D8-9E1B-4749-975A-B76A0413195A}"
EndProject
Global
	GlobalSection(SolutionConfigurationPlatforms) = preSolution
		Debug|x64 = Debug|x64
		Debug|x86 = Debug|x86
		Release|x64 = Release|x64
		Release|x86 = Release|x86
	EndGlobalSection
	GlobalSection(ProjectConfigurationPlatforms) = postSolution
		{8DE393D8-9E1B-4749-975A-B76A0413195A}.Debug|x64.ActiveCfg = Debug|x64
		{8DE393D8-9E1B-4749-975A-B76A0413195A}.Debug|x64.Build.0 = Debug|x64
		{8DE393D8-9E1B-4749-975A-B76A0413195A}.Debug|x86.ActiveCfg = Debug|Win32
		{8DE393D8-9E1B-4749-975A-B76A0413195A}.Debug|x86.Build.0 = Debug|Win32
		{8DE393D8-9E1B-4749-975A-B76A0413195A}.Release|x64.ActiveCfg = Release|x64
		{8DE393D8-9E1B-4749-975A-B76A0413195A}.Release|x64.Build.0 = Release|x64
		{8DE393D8-9E1B-4749-975A-B76A0413195A}.Release|x86.ActiveCfg = Release|Win32
		{8DE393D8-9E1B-4749-975A-B76A0413195A}.Release|x86.Build.0 = Release|Win32
	EndGlobalSection
	GlobalSection(SolutionProperties) = preSolution
		HideSolutionNode = FALSE
	EndGlobalSection
	GlobalSection(ExtensibilityGlobals) = postSolution
		SolutionGuid = {95BD3F05-4495-4E94-88F2-6938F6506B98}
	EndGlobalSection
EndGlobal
