
Microsoft Visual Studio Solution File, Format Version 12.00
# Visual Studio Version 17
VisualStudioVersion = 17.7.34003.232
MinimumVisualStudioVersion = 10.0.40219.1
Project("{8BC9CEB8-8B4A-11D0-8D11-00A0C91BC942}") = "24.01.16", "24.01.16.vcxproj", "{5EDC4AB0-0698-4AB4-8426-B8D1846E8FBC}"
EndProject
Global
	GlobalSection(SolutionConfigurationPlatforms) = preSolution
		Debug|x64 = Debug|x64
		Debug|x86 = Debug|x86
		Release|x64 = Release|x64
		Release|x86 = Release|x86
	EndGlobalSection
	GlobalSection(ProjectConfigurationPlatforms) = postSolution
		{5EDC4AB0-0698-4AB4-8426-B8D1846E8FBC}.Debug|x64.ActiveCfg = Debug|x64
		{5EDC4AB0-0698-4AB4-8426-B8D1846E8FBC}.Debug|x64.Build.0 = Debug|x64
		{5EDC4AB0-0698-4AB4-8426-B8D1846E8FBC}.Debug|x86.ActiveCfg = Debug|Win32
		{5EDC4AB0-0698-4AB4-8426-B8D1846E8FBC}.Debug|x86.Build.0 = Debug|Win32
		{5EDC4AB0-0698-4AB4-8426-B8D1846E8FBC}.Release|x64.ActiveCfg = Release|x64
		{5EDC4AB0-0698-4AB4-8426-B8D1846E8FBC}.Release|x64.Build.0 = Release|x64
		{5EDC4AB0-0698-4AB4-8426-B8D1846E8FBC}.Release|x86.ActiveCfg = Release|Win32
		{5EDC4AB0-0698-4AB4-8426-B8D1846E8FBC}.Release|x86.Build.0 = Release|Win32
	EndGlobalSection
	GlobalSection(SolutionProperties) = preSolution
		HideSolutionNode = FALSE
	EndGlobalSection
	GlobalSection(ExtensibilityGlobals) = postSolution
		SolutionGuid = {1BB09F3A-FED3-4BE2-AE03-F1EC0CC98D74}
	EndGlobalSection
EndGlobal
