
Microsoft Visual Studio Solution File, Format Version 12.00
# Visual Studio Version 17
VisualStudioVersion = 17.7.34003.232
MinimumVisualStudioVersion = 10.0.40219.1
Project("{8BC9CEB8-8B4A-11D0-8D11-00A0C91BC942}") = "Project4", "Project4.vcxproj", "{A45B7995-7105-43F7-8CEC-D02E1E2C7E6C}"
EndProject
Global
	GlobalSection(SolutionConfigurationPlatforms) = preSolution
		Debug|x64 = Debug|x64
		Debug|x86 = Debug|x86
		Release|x64 = Release|x64
		Release|x86 = Release|x86
	EndGlobalSection
	GlobalSection(ProjectConfigurationPlatforms) = postSolution
		{A45B7995-7105-43F7-8CEC-D02E1E2C7E6C}.Debug|x64.ActiveCfg = Debug|x64
		{A45B7995-7105-43F7-8CEC-D02E1E2C7E6C}.Debug|x64.Build.0 = Debug|x64
		{A45B7995-7105-43F7-8CEC-D02E1E2C7E6C}.Debug|x86.ActiveCfg = Debug|Win32
		{A45B7995-7105-43F7-8CEC-D02E1E2C7E6C}.Debug|x86.Build.0 = Debug|Win32
		{A45B7995-7105-43F7-8CEC-D02E1E2C7E6C}.Release|x64.ActiveCfg = Release|x64
		{A45B7995-7105-43F7-8CEC-D02E1E2C7E6C}.Release|x64.Build.0 = Release|x64
		{A45B7995-7105-43F7-8CEC-D02E1E2C7E6C}.Release|x86.ActiveCfg = Release|Win32
		{A45B7995-7105-43F7-8CEC-D02E1E2C7E6C}.Release|x86.Build.0 = Release|Win32
	EndGlobalSection
	GlobalSection(SolutionProperties) = preSolution
		HideSolutionNode = FALSE
	EndGlobalSection
	GlobalSection(ExtensibilityGlobals) = postSolution
		SolutionGuid = {DB889043-10C5-4E82-B554-C78B6EB4BCD8}
	EndGlobalSection
EndGlobal
