
Microsoft Visual Studio Solution File, Format Version 12.00
# Visual Studio Version 17
VisualStudioVersion = 17.7.34003.232
MinimumVisualStudioVersion = 10.0.40219.1
Project("{8BC9CEB8-8B4A-11D0-8D11-00A0C91BC942}") = "23.12.02", "23.12.02.vcxproj", "{4A880A0A-31A0-4944-9381-C38F9D16EC19}"
EndProject
Global
	GlobalSection(SolutionConfigurationPlatforms) = preSolution
		Debug|x64 = Debug|x64
		Debug|x86 = Debug|x86
		Release|x64 = Release|x64
		Release|x86 = Release|x86
	EndGlobalSection
	GlobalSection(ProjectConfigurationPlatforms) = postSolution
		{4A880A0A-31A0-4944-9381-C38F9D16EC19}.Debug|x64.ActiveCfg = Debug|x64
		{4A880A0A-31A0-4944-9381-C38F9D16EC19}.Debug|x64.Build.0 = Debug|x64
		{4A880A0A-31A0-4944-9381-C38F9D16EC19}.Debug|x86.ActiveCfg = Debug|Win32
		{4A880A0A-31A0-4944-9381-C38F9D16EC19}.Debug|x86.Build.0 = Debug|Win32
		{4A880A0A-31A0-4944-9381-C38F9D16EC19}.Release|x64.ActiveCfg = Release|x64
		{4A880A0A-31A0-4944-9381-C38F9D16EC19}.Release|x64.Build.0 = Release|x64
		{4A880A0A-31A0-4944-9381-C38F9D16EC19}.Release|x86.ActiveCfg = Release|Win32
		{4A880A0A-31A0-4944-9381-C38F9D16EC19}.Release|x86.Build.0 = Release|Win32
	EndGlobalSection
	GlobalSection(SolutionProperties) = preSolution
		HideSolutionNode = FALSE
	EndGlobalSection
	GlobalSection(ExtensibilityGlobals) = postSolution
		SolutionGuid = {721CCD66-E37A-4B19-BA57-FE0AB4BC1FDD}
	EndGlobalSection
EndGlobal
