
Microsoft Visual Studio Solution File, Format Version 12.00
# Visual Studio Version 17
VisualStudioVersion = 17.7.34003.232
MinimumVisualStudioVersion = 10.0.40219.1
Project("{8BC9CEB8-8B4A-11D0-8D11-00A0C91BC942}") = "SLList2", "SLList2.vcxproj", "{615A7A4F-B2A4-4B80-972D-AE05295EB73A}"
EndProject
Global
	GlobalSection(SolutionConfigurationPlatforms) = preSolution
		Debug|x64 = Debug|x64
		Debug|x86 = Debug|x86
		Release|x64 = Release|x64
		Release|x86 = Release|x86
	EndGlobalSection
	GlobalSection(ProjectConfigurationPlatforms) = postSolution
		{615A7A4F-B2A4-4B80-972D-AE05295EB73A}.Debug|x64.ActiveCfg = Debug|x64
		{615A7A4F-B2A4-4B80-972D-AE05295EB73A}.Debug|x64.Build.0 = Debug|x64
		{615A7A4F-B2A4-4B80-972D-AE05295EB73A}.Debug|x86.ActiveCfg = Debug|Win32
		{615A7A4F-B2A4-4B80-972D-AE05295EB73A}.Debug|x86.Build.0 = Debug|Win32
		{615A7A4F-B2A4-4B80-972D-AE05295EB73A}.Release|x64.ActiveCfg = Release|x64
		{615A7A4F-B2A4-4B80-972D-AE05295EB73A}.Release|x64.Build.0 = Release|x64
		{615A7A4F-B2A4-4B80-972D-AE05295EB73A}.Release|x86.ActiveCfg = Release|Win32
		{615A7A4F-B2A4-4B80-972D-AE05295EB73A}.Release|x86.Build.0 = Release|Win32
	EndGlobalSection
	GlobalSection(SolutionProperties) = preSolution
		HideSolutionNode = FALSE
	EndGlobalSection
	GlobalSection(ExtensibilityGlobals) = postSolution
		SolutionGuid = {83E51E42-0B6B-4DD0-9386-7D361CC6320E}
	EndGlobalSection
EndGlobal
